
Microsoft Visual Studio Solution File, Format Version 12.00
# Visual Studio 14
VisualStudioVersion = 14.0.22609.0
MinimumVisualStudioVersion = 10.0.40219.1
Project("{FAE04EC0-301F-11D3-BF4B-00C04F79EFBC}") = "SWARM.PuP.Web", "SWARM.PuP.Web\SWARM.PuP.Web.csproj", "{E3BD3ED5-3389-4F6A-B1B2-89FB08217D05}"
EndProject
Project("{FAE04EC0-301F-11D3-BF4B-00C04F79EFBC}") = "SWARM.PuP.Web.Tests", "SWARM.PuP.Web.Tests\SWARM.PuP.Web.Tests.csproj", "{08A834FF-8746-412A-9B7A-2179B2C3AFB9}"
EndProject
Project("{2150E333-8FDC-42A3-9474-1A3956D46DE8}") = "PublishScripts", "PublishScripts", "{35BC01A6-5256-4542-B53C-C2A42F9F2EA6}"
	ProjectSection(SolutionItems) = preProject
		PublishScripts\AzureWebsitePublishModule.psm1 = PublishScripts\AzureWebsitePublishModule.psm1
		PublishScripts\Publish-WebApplicationWebsite.ps1 = PublishScripts\Publish-WebApplicationWebsite.ps1
	EndProjectSection
EndProject
Project("{2150E333-8FDC-42A3-9474-1A3956D46DE8}") = "Configurations", "Configurations", "{327765B5-90ED-4CDB-BBE5-C972DB4EA992}"
	ProjectSection(SolutionItems) = preProject
		PublishScripts\Configurations\SWARMPuPWeb-WAWS-dev.json = PublishScripts\Configurations\SWARMPuPWeb-WAWS-dev.json
	EndProjectSection
EndProject
Global
	GlobalSection(SolutionConfigurationPlatforms) = preSolution
		Debug|Any CPU = Debug|Any CPU
		Release|Any CPU = Release|Any CPU
	EndGlobalSection
	GlobalSection(ProjectConfigurationPlatforms) = postSolution
		{E3BD3ED5-3389-4F6A-B1B2-89FB08217D05}.Debug|Any CPU.ActiveCfg = Debug|Any CPU
		{E3BD3ED5-3389-4F6A-B1B2-89FB08217D05}.Debug|Any CPU.Build.0 = Debug|Any CPU
		{E3BD3ED5-3389-4F6A-B1B2-89FB08217D05}.Release|Any CPU.ActiveCfg = Release|Any CPU
		{E3BD3ED5-3389-4F6A-B1B2-89FB08217D05}.Release|Any CPU.Build.0 = Release|Any CPU
		{08A834FF-8746-412A-9B7A-2179B2C3AFB9}.Debug|Any CPU.ActiveCfg = Debug|Any CPU
		{08A834FF-8746-412A-9B7A-2179B2C3AFB9}.Debug|Any CPU.Build.0 = Debug|Any CPU
		{08A834FF-8746-412A-9B7A-2179B2C3AFB9}.Release|Any CPU.ActiveCfg = Release|Any CPU
		{08A834FF-8746-412A-9B7A-2179B2C3AFB9}.Release|Any CPU.Build.0 = Release|Any CPU
	EndGlobalSection
	GlobalSection(SolutionProperties) = preSolution
		HideSolutionNode = FALSE
	EndGlobalSection
	GlobalSection(NestedProjects) = preSolution
		{327765B5-90ED-4CDB-BBE5-C972DB4EA992} = {35BC01A6-5256-4542-B53C-C2A42F9F2EA6}
	EndGlobalSection
EndGlobal
