// !$*UTF8*$!
{
	archiveVersion = 1;
	classes = {
	};
	objectVersion = 46;
	objects = {

/* Begin PBXBuildFile section */
		2CCC7F4F1B0A451400C16A85 /* AppDelegate.swift in Sources */ = {isa = PBXBuildFile; fileRef = 2CCC7F4E1B0A451400C16A85 /* AppDelegate.swift */; };
		2CCC7F511B0A451400C16A85 /* findAGame.swift in Sources */ = {isa = PBXBuildFile; fileRef = 2CCC7F501B0A451400C16A85 /* findAGame.swift */; };
		2CCC7F561B0A451400C16A85 /* Images.xcassets in Resources */ = {isa = PBXBuildFile; fileRef = 2CCC7F551B0A451400C16A85 /* Images.xcassets */; };
		2CCC7F651B0A451400C16A85 /* pupTests.swift in Sources */ = {isa = PBXBuildFile; fileRef = 2CCC7F641B0A451400C16A85 /* pupTests.swift */; };
		2CCC7F711B0A498100C16A85 /* lobbyList.swift in Sources */ = {isa = PBXBuildFile; fileRef = 2CCC7F701B0A498100C16A85 /* lobbyList.swift */; };
		2CF4E1791B0F97F80023BA72 /* images in Resources */ = {isa = PBXBuildFile; fileRef = 2CF4E1781B0F97F80023BA72 /* images */; };
		2CF4E17B1B0F984E0023BA72 /* Default-568h@2x.png in Resources */ = {isa = PBXBuildFile; fileRef = 2CF4E17A1B0F984E0023BA72 /* Default-568h@2x.png */; };
		85DD200601949A35C0E74D07 /* View+SnapKit.swift in Sources */ = {isa = PBXBuildFile; fileRef = 85DD2992D9B81BFE9BCF8B85 /* View+SnapKit.swift */; };
		85DD2069CAD3A6E88AB0FDF3 /* SnapKit.swift in Sources */ = {isa = PBXBuildFile; fileRef = 85DD2B0AC805490D54A2EDB5 /* SnapKit.swift */; };
		85DD21EE1A10C2BEFEF8E322 /* singleLobby.swift in Sources */ = {isa = PBXBuildFile; fileRef = 85DD2D764819A548A6DCFB79 /* singleLobby.swift */; };
		85DD2229FE0884A14F6079D9 /* appData.swift in Sources */ = {isa = PBXBuildFile; fileRef = 85DD2AE22FE9B22725C77289 /* appData.swift */; };
		85DD2295CF985A41E309F3A4 /* AFDateHelper.swift in Sources */ = {isa = PBXBuildFile; fileRef = 85DD22C0B0EC0ED29F6251ED /* AFDateHelper.swift */; };
		85DD261ABE6FB64BD9AE7B7B /* ConstraintItem.swift in Sources */ = {isa = PBXBuildFile; fileRef = 85DD27ACEAAB289844D30C60 /* ConstraintItem.swift */; };
		85DD27A3FF3778F7C14480FF /* users.swift in Sources */ = {isa = PBXBuildFile; fileRef = 85DD2D4861C2BBF20EE55949 /* users.swift */; };
		85DD27B7800A775281DF098B /* EdgeInsets.swift in Sources */ = {isa = PBXBuildFile; fileRef = 85DD2E8514C938B94BF216C7 /* EdgeInsets.swift */; };
		85DD289C1744FE461F6A0282 /* ConstraintMaker.swift in Sources */ = {isa = PBXBuildFile; fileRef = 85DD21304E71FA623F0B4525 /* ConstraintMaker.swift */; };
		85DD28CAFAD79E3B8CDDF85F /* Debugging.swift in Sources */ = {isa = PBXBuildFile; fileRef = 85DD263DBBB80767380877A5 /* Debugging.swift */; };
		85DD295AB93818BC3D619667 /* games.swift in Sources */ = {isa = PBXBuildFile; fileRef = 85DD2D29B05647DBEADF3610 /* games.swift */; };
		85DD2A37B659A1FF2D72D849 /* ConstraintRelation.swift in Sources */ = {isa = PBXBuildFile; fileRef = 85DD2C9A6D0EFDF6C8790B0F /* ConstraintRelation.swift */; };
		85DD2A63419F9C7E1A851F67 /* singleLobbyData.swift in Sources */ = {isa = PBXBuildFile; fileRef = 85DD2EF7994C1C2784008A3E /* singleLobbyData.swift */; };
		85DD2ABD3F702CACE1935F41 /* lobbies.swift in Sources */ = {isa = PBXBuildFile; fileRef = 85DD2C5B66D10B2F40BA8D74 /* lobbies.swift */; };
		85DD2B505C697215D2D818DC /* Constraint.swift in Sources */ = {isa = PBXBuildFile; fileRef = 85DD28D81A9D1BB3BF8FFBD5 /* Constraint.swift */; };
		85DD2BE930403D89C5A34A33 /* colorFromSystem.swift in Sources */ = {isa = PBXBuildFile; fileRef = 85DD22141CF1C919B1C3657B /* colorFromSystem.swift */; };
		85DD2C752502EC161124812E /* SwiftyJSON.swift in Sources */ = {isa = PBXBuildFile; fileRef = 85DD2DA5E7FD1C1DE09AF62C /* SwiftyJSON.swift */; };
		85DD2CA61F21CEB9582DD947 /* colorFromHex.swift in Sources */ = {isa = PBXBuildFile; fileRef = 85DD2CD088BD6AD26D436A2D /* colorFromHex.swift */; };
		85DD2D07CF454E8D5D135FFB /* ConstraintAttributes.swift in Sources */ = {isa = PBXBuildFile; fileRef = 85DD20F1DE2CB692EA098B2F /* ConstraintAttributes.swift */; };
		85DD2DF1A71ED24FCE06D6FD /* filter.swift in Sources */ = {isa = PBXBuildFile; fileRef = 85DD285BE31B0F5EEC0704F8 /* filter.swift */; };
		85DD2F75F62A6A813B2EDA4A /* ConstraintDescription.swift in Sources */ = {isa = PBXBuildFile; fileRef = 85DD2DA02911862CD98932A6 /* ConstraintDescription.swift */; };
		85DD2F8C3048F494207B135C /* LayoutConstraint.swift in Sources */ = {isa = PBXBuildFile; fileRef = 85DD29F3BC4E4E112590B364 /* LayoutConstraint.swift */; };
		A33FF879A90BF349F3944740 /* Pods_pupTests.framework in Frameworks */ = {isa = PBXBuildFile; fileRef = 758F5A90B3CD4C71DA5A9163 /* Pods_pupTests.framework */; settings = {ATTRIBUTES = (Weak, ); }; };
		ADCF29F8EAE38C4C032DC2AE /* Pods_pup.framework in Frameworks */ = {isa = PBXBuildFile; fileRef = E0671204B2C397D857FF500F /* Pods_pup.framework */; settings = {ATTRIBUTES = (Weak, ); }; };
/* End PBXBuildFile section */

/* Begin PBXContainerItemProxy section */
		2CCC7F5F1B0A451400C16A85 /* PBXContainerItemProxy */ = {
			isa = PBXContainerItemProxy;
			containerPortal = 2CCC7F411B0A451400C16A85 /* Project object */;
			proxyType = 1;
			remoteGlobalIDString = 2CCC7F481B0A451400C16A85;
			remoteInfo = pup;
		};
/* End PBXContainerItemProxy section */

/* Begin PBXFileReference section */
		2CCC7F491B0A451400C16A85 /* pup.app */ = {isa = PBXFileReference; explicitFileType = wrapper.application; includeInIndex = 0; path = pup.app; sourceTree = BUILT_PRODUCTS_DIR; };
		2CCC7F4D1B0A451400C16A85 /* Info.plist */ = {isa = PBXFileReference; lastKnownFileType = text.plist.xml; path = Info.plist; sourceTree = "<group>"; };
		2CCC7F4E1B0A451400C16A85 /* AppDelegate.swift */ = {isa = PBXFileReference; lastKnownFileType = sourcecode.swift; path = AppDelegate.swift; sourceTree = "<group>"; };
		2CCC7F501B0A451400C16A85 /* findAGame.swift */ = {isa = PBXFileReference; lastKnownFileType = sourcecode.swift; path = findAGame.swift; sourceTree = "<group>"; };
		2CCC7F551B0A451400C16A85 /* Images.xcassets */ = {isa = PBXFileReference; lastKnownFileType = folder.assetcatalog; path = Images.xcassets; sourceTree = "<group>"; };
		2CCC7F5E1B0A451400C16A85 /* pupTests.xctest */ = {isa = PBXFileReference; explicitFileType = wrapper.cfbundle; includeInIndex = 0; path = pupTests.xctest; sourceTree = BUILT_PRODUCTS_DIR; };
		2CCC7F631B0A451400C16A85 /* Info.plist */ = {isa = PBXFileReference; lastKnownFileType = text.plist.xml; path = Info.plist; sourceTree = "<group>"; };
		2CCC7F641B0A451400C16A85 /* pupTests.swift */ = {isa = PBXFileReference; lastKnownFileType = sourcecode.swift; path = pupTests.swift; sourceTree = "<group>"; };
		2CCC7F701B0A498100C16A85 /* lobbyList.swift */ = {isa = PBXFileReference; fileEncoding = 4; lastKnownFileType = sourcecode.swift; path = lobbyList.swift; sourceTree = "<group>"; };
		2CF4E1781B0F97F80023BA72 /* images */ = {isa = PBXFileReference; lastKnownFileType = folder; path = images; sourceTree = "<group>"; };
		2CF4E17A1B0F984E0023BA72 /* Default-568h@2x.png */ = {isa = PBXFileReference; lastKnownFileType = image.png; path = "Default-568h@2x.png"; sourceTree = "<group>"; };
		758F5A90B3CD4C71DA5A9163 /* Pods_pupTests.framework */ = {isa = PBXFileReference; explicitFileType = wrapper.framework; includeInIndex = 0; path = Pods_pupTests.framework; sourceTree = BUILT_PRODUCTS_DIR; };
		8361C645BF26B1B51B7F8F15 /* Pods-pup.release.xcconfig */ = {isa = PBXFileReference; includeInIndex = 1; lastKnownFileType = text.xcconfig; name = "Pods-pup.release.xcconfig"; path = "Pods/Target Support Files/Pods-pup/Pods-pup.release.xcconfig"; sourceTree = "<group>"; };
		85DD20F1DE2CB692EA098B2F /* ConstraintAttributes.swift */ = {isa = PBXFileReference; fileEncoding = 4; lastKnownFileType = sourcecode.swift; path = ConstraintAttributes.swift; sourceTree = "<group>"; };
		85DD21304E71FA623F0B4525 /* ConstraintMaker.swift */ = {isa = PBXFileReference; fileEncoding = 4; lastKnownFileType = sourcecode.swift; path = ConstraintMaker.swift; sourceTree = "<group>"; };
		85DD22141CF1C919B1C3657B /* colorFromSystem.swift */ = {isa = PBXFileReference; fileEncoding = 4; lastKnownFileType = sourcecode.swift; path = colorFromSystem.swift; sourceTree = "<group>"; };
		85DD22C0B0EC0ED29F6251ED /* AFDateHelper.swift */ = {isa = PBXFileReference; fileEncoding = 4; lastKnownFileType = sourcecode.swift; name = AFDateHelper.swift; path = AFDateHelper/AFDateHelper.swift; sourceTree = "<group>"; };
		85DD263DBBB80767380877A5 /* Debugging.swift */ = {isa = PBXFileReference; fileEncoding = 4; lastKnownFileType = sourcecode.swift; path = Debugging.swift; sourceTree = "<group>"; };
		85DD27ACEAAB289844D30C60 /* ConstraintItem.swift */ = {isa = PBXFileReference; fileEncoding = 4; lastKnownFileType = sourcecode.swift; path = ConstraintItem.swift; sourceTree = "<group>"; };
		85DD285BE31B0F5EEC0704F8 /* filter.swift */ = {isa = PBXFileReference; fileEncoding = 4; lastKnownFileType = sourcecode.swift; path = filter.swift; sourceTree = "<group>"; };
		85DD28D81A9D1BB3BF8FFBD5 /* Constraint.swift */ = {isa = PBXFileReference; fileEncoding = 4; lastKnownFileType = sourcecode.swift; path = Constraint.swift; sourceTree = "<group>"; };
		85DD2992D9B81BFE9BCF8B85 /* View+SnapKit.swift */ = {isa = PBXFileReference; fileEncoding = 4; lastKnownFileType = sourcecode.swift; path = "View+SnapKit.swift"; sourceTree = "<group>"; };
		85DD29F3BC4E4E112590B364 /* LayoutConstraint.swift */ = {isa = PBXFileReference; fileEncoding = 4; lastKnownFileType = sourcecode.swift; path = LayoutConstraint.swift; sourceTree = "<group>"; };
		85DD2AE22FE9B22725C77289 /* appData.swift */ = {isa = PBXFileReference; fileEncoding = 4; lastKnownFileType = sourcecode.swift; name = appData.swift; path = data/appData.swift; sourceTree = "<group>"; };
		85DD2B0AC805490D54A2EDB5 /* SnapKit.swift */ = {isa = PBXFileReference; fileEncoding = 4; lastKnownFileType = sourcecode.swift; path = SnapKit.swift; sourceTree = "<group>"; };
		85DD2BDD3E207769685D2DE6 /* ico_filter.png */ = {isa = PBXFileReference; lastKnownFileType = image.png; path = ico_filter.png; sourceTree = "<group>"; };
		85DD2C5B66D10B2F40BA8D74 /* lobbies.swift */ = {isa = PBXFileReference; fileEncoding = 4; lastKnownFileType = sourcecode.swift; name = lobbies.swift; path = data/lobbies.swift; sourceTree = "<group>"; };
		85DD2C9A6D0EFDF6C8790B0F /* ConstraintRelation.swift */ = {isa = PBXFileReference; fileEncoding = 4; lastKnownFileType = sourcecode.swift; path = ConstraintRelation.swift; sourceTree = "<group>"; };
		85DD2CD088BD6AD26D436A2D /* colorFromHex.swift */ = {isa = PBXFileReference; fileEncoding = 4; lastKnownFileType = sourcecode.swift; path = colorFromHex.swift; sourceTree = "<group>"; };
		85DD2D29B05647DBEADF3610 /* games.swift */ = {isa = PBXFileReference; fileEncoding = 4; lastKnownFileType = sourcecode.swift; name = games.swift; path = data/games.swift; sourceTree = "<group>"; };
		85DD2D4861C2BBF20EE55949 /* users.swift */ = {isa = PBXFileReference; fileEncoding = 4; lastKnownFileType = sourcecode.swift; name = users.swift; path = data/users.swift; sourceTree = "<group>"; };
		85DD2D764819A548A6DCFB79 /* singleLobby.swift */ = {isa = PBXFileReference; fileEncoding = 4; lastKnownFileType = sourcecode.swift; path = singleLobby.swift; sourceTree = "<group>"; };
		85DD2DA02911862CD98932A6 /* ConstraintDescription.swift */ = {isa = PBXFileReference; fileEncoding = 4; lastKnownFileType = sourcecode.swift; path = ConstraintDescription.swift; sourceTree = "<group>"; };
		85DD2DA5E7FD1C1DE09AF62C /* SwiftyJSON.swift */ = {isa = PBXFileReference; fileEncoding = 4; lastKnownFileType = sourcecode.swift; name = SwiftyJSON.swift; path = pup/SwiftyJSON/Source/SwiftyJSON.swift; sourceTree = SOURCE_ROOT; };
		85DD2E8514C938B94BF216C7 /* EdgeInsets.swift */ = {isa = PBXFileReference; fileEncoding = 4; lastKnownFileType = sourcecode.swift; path = EdgeInsets.swift; sourceTree = "<group>"; };
		85DD2EF7994C1C2784008A3E /* singleLobbyData.swift */ = {isa = PBXFileReference; fileEncoding = 4; lastKnownFileType = sourcecode.swift; name = singleLobbyData.swift; path = data/singleLobbyData.swift; sourceTree = "<group>"; };
		B7CC845B2E20426DEC2444A3 /* Pods-pupTests.release.xcconfig */ = {isa = PBXFileReference; includeInIndex = 1; lastKnownFileType = text.xcconfig; name = "Pods-pupTests.release.xcconfig"; path = "Pods/Target Support Files/Pods-pupTests/Pods-pupTests.release.xcconfig"; sourceTree = "<group>"; };
		D31A00077328C646BCF8A958 /* Pods-pupTests.debug.xcconfig */ = {isa = PBXFileReference; includeInIndex = 1; lastKnownFileType = text.xcconfig; name = "Pods-pupTests.debug.xcconfig"; path = "Pods/Target Support Files/Pods-pupTests/Pods-pupTests.debug.xcconfig"; sourceTree = "<group>"; };
		E0671204B2C397D857FF500F /* Pods_pup.framework */ = {isa = PBXFileReference; explicitFileType = wrapper.framework; includeInIndex = 0; path = Pods_pup.framework; sourceTree = BUILT_PRODUCTS_DIR; };
		EA0401F85555E1D9628C94D0 /* Pods-pup.debug.xcconfig */ = {isa = PBXFileReference; includeInIndex = 1; lastKnownFileType = text.xcconfig; name = "Pods-pup.debug.xcconfig"; path = "Pods/Target Support Files/Pods-pup/Pods-pup.debug.xcconfig"; sourceTree = "<group>"; };
/* End PBXFileReference section */

/* Begin PBXFrameworksBuildPhase section */
		2CCC7F461B0A451400C16A85 /* Frameworks */ = {
			isa = PBXFrameworksBuildPhase;
			buildActionMask = 2147483647;
			files = (
				ADCF29F8EAE38C4C032DC2AE /* Pods_pup.framework in Frameworks */,
			);
			runOnlyForDeploymentPostprocessing = 0;
		};
		2CCC7F5B1B0A451400C16A85 /* Frameworks */ = {
			isa = PBXFrameworksBuildPhase;
			buildActionMask = 2147483647;
			files = (
				A33FF879A90BF349F3944740 /* Pods_pupTests.framework in Frameworks */,
			);
			runOnlyForDeploymentPostprocessing = 0;
		};
/* End PBXFrameworksBuildPhase section */

/* Begin PBXGroup section */
		2CCC7F401B0A451400C16A85 = {
			isa = PBXGroup;
			children = (
				2CF4E17A1B0F984E0023BA72 /* Default-568h@2x.png */,
				2CCC7F4B1B0A451400C16A85 /* pup */,
				2CCC7F611B0A451400C16A85 /* pupTests */,
				2CCC7F4A1B0A451400C16A85 /* Products */,
				74C8B9494AD741D32EB84BEA /* Pods */,
				4739BB928A5BC208D58F1ED0 /* Frameworks */,
			);
			sourceTree = "<group>";
		};
		2CCC7F4A1B0A451400C16A85 /* Products */ = {
			isa = PBXGroup;
			children = (
				2CCC7F491B0A451400C16A85 /* pup.app */,
				2CCC7F5E1B0A451400C16A85 /* pupTests.xctest */,
			);
			name = Products;
			sourceTree = "<group>";
		};
		2CCC7F4B1B0A451400C16A85 /* pup */ = {
			isa = PBXGroup;
			children = (
				2CF4E1781B0F97F80023BA72 /* images */,
				2CCC7F4E1B0A451400C16A85 /* AppDelegate.swift */,
				2CCC7F501B0A451400C16A85 /* findAGame.swift */,
				2CCC7F701B0A498100C16A85 /* lobbyList.swift */,
				2CCC7F551B0A451400C16A85 /* Images.xcassets */,
				2CCC7F4C1B0A451400C16A85 /* Supporting Files */,
				85DD21A08C9E851942639922 /* Source */,
				85DD2D764819A548A6DCFB79 /* singleLobby.swift */,
				85DD24EBC48465991E750D8C /* helperFunctions */,
				85DD2D29B05647DBEADF3610 /* games.swift */,
				85DD285BE31B0F5EEC0704F8 /* filter.swift */,
				85DD22C0B0EC0ED29F6251ED /* AFDateHelper.swift */,
				85DD2D4861C2BBF20EE55949 /* users.swift */,
				85DD2AE22FE9B22725C77289 /* appData.swift */,
				85DD2C5B66D10B2F40BA8D74 /* lobbies.swift */,
				85DD2EF7994C1C2784008A3E /* singleLobbyData.swift */,
			);
			path = pup;
			sourceTree = "<group>";
		};
		2CCC7F4C1B0A451400C16A85 /* Supporting Files */ = {
			isa = PBXGroup;
			children = (
				2CCC7F4D1B0A451400C16A85 /* Info.plist */,
				85DD2BDD3E207769685D2DE6 /* ico_filter.png */,
			);
			name = "Supporting Files";
			sourceTree = "<group>";
		};
		2CCC7F611B0A451400C16A85 /* pupTests */ = {
			isa = PBXGroup;
			children = (
				2CCC7F641B0A451400C16A85 /* pupTests.swift */,
				2CCC7F621B0A451400C16A85 /* Supporting Files */,
			);
			path = pupTests;
			sourceTree = "<group>";
		};
		2CCC7F621B0A451400C16A85 /* Supporting Files */ = {
			isa = PBXGroup;
			children = (
				2CCC7F631B0A451400C16A85 /* Info.plist */,
			);
			name = "Supporting Files";
			sourceTree = "<group>";
		};
		4739BB928A5BC208D58F1ED0 /* Frameworks */ = {
			isa = PBXGroup;
			children = (
				E0671204B2C397D857FF500F /* Pods_pup.framework */,
				758F5A90B3CD4C71DA5A9163 /* Pods_pupTests.framework */,
			);
			name = Frameworks;
			sourceTree = "<group>";
		};
		74C8B9494AD741D32EB84BEA /* Pods */ = {
			isa = PBXGroup;
			children = (
				EA0401F85555E1D9628C94D0 /* Pods-pup.debug.xcconfig */,
				8361C645BF26B1B51B7F8F15 /* Pods-pup.release.xcconfig */,
				D31A00077328C646BCF8A958 /* Pods-pupTests.debug.xcconfig */,
				B7CC845B2E20426DEC2444A3 /* Pods-pupTests.release.xcconfig */,
			);
			name = Pods;
			sourceTree = "<group>";
		};
		85DD21A08C9E851942639922 /* Source */ = {
			isa = PBXGroup;
			children = (
				85DD2B0AC805490D54A2EDB5 /* SnapKit.swift */,
				85DD263DBBB80767380877A5 /* Debugging.swift */,
				85DD28D81A9D1BB3BF8FFBD5 /* Constraint.swift */,
				85DD2E8514C938B94BF216C7 /* EdgeInsets.swift */,
				85DD2992D9B81BFE9BCF8B85 /* View+SnapKit.swift */,
				85DD27ACEAAB289844D30C60 /* ConstraintItem.swift */,
				85DD21304E71FA623F0B4525 /* ConstraintMaker.swift */,
				85DD29F3BC4E4E112590B364 /* LayoutConstraint.swift */,
				85DD2C9A6D0EFDF6C8790B0F /* ConstraintRelation.swift */,
				85DD20F1DE2CB692EA098B2F /* ConstraintAttributes.swift */,
				85DD2DA02911862CD98932A6 /* ConstraintDescription.swift */,
				85DD2DA5E7FD1C1DE09AF62C /* SwiftyJSON.swift */,
			);
			name = Source;
			path = SnapKit/Source;
			sourceTree = "<group>";
		};
		85DD24EBC48465991E750D8C /* helperFunctions */ = {
			isa = PBXGroup;
			children = (
				85DD2CD088BD6AD26D436A2D /* colorFromHex.swift */,
				85DD22141CF1C919B1C3657B /* colorFromSystem.swift */,
			);
			path = helperFunctions;
			sourceTree = "<group>";
		};
/* End PBXGroup section */

/* Begin PBXNativeTarget section */
		2CCC7F481B0A451400C16A85 /* pup */ = {
			isa = PBXNativeTarget;
			buildConfigurationList = 2CCC7F681B0A451400C16A85 /* Build configuration list for PBXNativeTarget "pup" */;
			buildPhases = (
				8AA3C6352A48DEAA61ABF391 /* Check Pods Manifest.lock */,
				2CCC7F451B0A451400C16A85 /* Sources */,
				2CCC7F461B0A451400C16A85 /* Frameworks */,
				2CCC7F471B0A451400C16A85 /* Resources */,
				BA3AF0E4C4BBC2A0658C4F07 /* Embed Pods Frameworks */,
				50050470C632B73E5F5471F9 /* Copy Pods Resources */,
			);
			buildRules = (
			);
			dependencies = (
			);
			name = pup;
			productName = pup;
			productReference = 2CCC7F491B0A451400C16A85 /* pup.app */;
			productType = "com.apple.product-type.application";
		};
		2CCC7F5D1B0A451400C16A85 /* pupTests */ = {
			isa = PBXNativeTarget;
			buildConfigurationList = 2CCC7F6B1B0A451400C16A85 /* Build configuration list for PBXNativeTarget "pupTests" */;
			buildPhases = (
				8A5EC5DD10215C42E9619E33 /* Check Pods Manifest.lock */,
				2CCC7F5A1B0A451400C16A85 /* Sources */,
				2CCC7F5B1B0A451400C16A85 /* Frameworks */,
				2CCC7F5C1B0A451400C16A85 /* Resources */,
				941F08A30DFAD56AA95EF695 /* Embed Pods Frameworks */,
				3C45055279C52EA04BE7201D /* Copy Pods Resources */,
			);
			buildRules = (
			);
			dependencies = (
				2CCC7F601B0A451400C16A85 /* PBXTargetDependency */,
			);
			name = pupTests;
			productName = pupTests;
			productReference = 2CCC7F5E1B0A451400C16A85 /* pupTests.xctest */;
			productType = "com.apple.product-type.bundle.unit-test";
		};
/* End PBXNativeTarget section */

/* Begin PBXProject section */
		2CCC7F411B0A451400C16A85 /* Project object */ = {
			isa = PBXProject;
			attributes = {
				LastUpgradeCheck = 0630;
				ORGANIZATIONNAME = "SWARM NYC";
				TargetAttributes = {
					2CCC7F481B0A451400C16A85 = {
						CreatedOnToolsVersion = 6.3.1;
					};
					2CCC7F5D1B0A451400C16A85 = {
						CreatedOnToolsVersion = 6.3.1;
						TestTargetID = 2CCC7F481B0A451400C16A85;
					};
				};
			};
			buildConfigurationList = 2CCC7F441B0A451400C16A85 /* Build configuration list for PBXProject "pup" */;
			compatibilityVersion = "Xcode 3.2";
			developmentRegion = English;
			hasScannedForEncodings = 0;
			knownRegions = (
				en,
				Base,
			);
			mainGroup = 2CCC7F401B0A451400C16A85;
			productRefGroup = 2CCC7F4A1B0A451400C16A85 /* Products */;
			projectDirPath = "";
			projectRoot = "";
			targets = (
				2CCC7F481B0A451400C16A85 /* pup */,
				2CCC7F5D1B0A451400C16A85 /* pupTests */,
			);
		};
/* End PBXProject section */

/* Begin PBXResourcesBuildPhase section */
		2CCC7F471B0A451400C16A85 /* Resources */ = {
			isa = PBXResourcesBuildPhase;
			buildActionMask = 2147483647;
			files = (
				2CF4E1791B0F97F80023BA72 /* images in Resources */,
				2CF4E17B1B0F984E0023BA72 /* Default-568h@2x.png in Resources */,
				2CCC7F561B0A451400C16A85 /* Images.xcassets in Resources */,
			);
			runOnlyForDeploymentPostprocessing = 0;
		};
		2CCC7F5C1B0A451400C16A85 /* Resources */ = {
			isa = PBXResourcesBuildPhase;
			buildActionMask = 2147483647;
			files = (
			);
			runOnlyForDeploymentPostprocessing = 0;
		};
/* End PBXResourcesBuildPhase section */

/* Begin PBXShellScriptBuildPhase section */
		3C45055279C52EA04BE7201D /* Copy Pods Resources */ = {
			isa = PBXShellScriptBuildPhase;
			buildActionMask = 2147483647;
			files = (
			);
			inputPaths = (
			);
			name = "Copy Pods Resources";
			outputPaths = (
			);
			runOnlyForDeploymentPostprocessing = 0;
			shellPath = /bin/sh;
			shellScript = "\"${SRCROOT}/Pods/Target Support Files/Pods-pupTests/Pods-pupTests-resources.sh\"\n";
			showEnvVarsInLog = 0;
		};
		50050470C632B73E5F5471F9 /* Copy Pods Resources */ = {
			isa = PBXShellScriptBuildPhase;
			buildActionMask = 2147483647;
			files = (
			);
			inputPaths = (
			);
			name = "Copy Pods Resources";
			outputPaths = (
			);
			runOnlyForDeploymentPostprocessing = 0;
			shellPath = /bin/sh;
			shellScript = "\"${SRCROOT}/Pods/Target Support Files/Pods-pup/Pods-pup-resources.sh\"\n";
			showEnvVarsInLog = 0;
		};
		8A5EC5DD10215C42E9619E33 /* Check Pods Manifest.lock */ = {
			isa = PBXShellScriptBuildPhase;
			buildActionMask = 2147483647;
			files = (
			);
			inputPaths = (
			);
			name = "Check Pods Manifest.lock";
			outputPaths = (
			);
			runOnlyForDeploymentPostprocessing = 0;
			shellPath = /bin/sh;
			shellScript = "diff \"${PODS_ROOT}/../Podfile.lock\" \"${PODS_ROOT}/Manifest.lock\" > /dev/null\nif [[ $? != 0 ]] ; then\n    cat << EOM\nerror: The sandbox is not in sync with the Podfile.lock. Run 'pod install' or update your CocoaPods installation.\nEOM\n    exit 1\nfi\n";
			showEnvVarsInLog = 0;
		};
		8AA3C6352A48DEAA61ABF391 /* Check Pods Manifest.lock */ = {
			isa = PBXShellScriptBuildPhase;
			buildActionMask = 2147483647;
			files = (
			);
			inputPaths = (
			);
			name = "Check Pods Manifest.lock";
			outputPaths = (
			);
			runOnlyForDeploymentPostprocessing = 0;
			shellPath = /bin/sh;
			shellScript = "diff \"${PODS_ROOT}/../Podfile.lock\" \"${PODS_ROOT}/Manifest.lock\" > /dev/null\nif [[ $? != 0 ]] ; then\n    cat << EOM\nerror: The sandbox is not in sync with the Podfile.lock. Run 'pod install' or update your CocoaPods installation.\nEOM\n    exit 1\nfi\n";
			showEnvVarsInLog = 0;
		};
		941F08A30DFAD56AA95EF695 /* Embed Pods Frameworks */ = {
			isa = PBXShellScriptBuildPhase;
			buildActionMask = 2147483647;
			files = (
			);
			inputPaths = (
			);
			name = "Embed Pods Frameworks";
			outputPaths = (
			);
			runOnlyForDeploymentPostprocessing = 0;
			shellPath = /bin/sh;
			shellScript = "\"${SRCROOT}/Pods/Target Support Files/Pods-pupTests/Pods-pupTests-frameworks.sh\"\n";
			showEnvVarsInLog = 0;
		};
		BA3AF0E4C4BBC2A0658C4F07 /* Embed Pods Frameworks */ = {
			isa = PBXShellScriptBuildPhase;
			buildActionMask = 2147483647;
			files = (
			);
			inputPaths = (
			);
			name = "Embed Pods Frameworks";
			outputPaths = (
			);
			runOnlyForDeploymentPostprocessing = 0;
			shellPath = /bin/sh;
			shellScript = "\"${SRCROOT}/Pods/Target Support Files/Pods-pup/Pods-pup-frameworks.sh\"\n";
			showEnvVarsInLog = 0;
		};
/* End PBXShellScriptBuildPhase section */

/* Begin PBXSourcesBuildPhase section */
		2CCC7F451B0A451400C16A85 /* Sources */ = {
			isa = PBXSourcesBuildPhase;
			buildActionMask = 2147483647;
			files = (
				2CCC7F711B0A498100C16A85 /* lobbyList.swift in Sources */,
				2CCC7F511B0A451400C16A85 /* findAGame.swift in Sources */,
				2CCC7F4F1B0A451400C16A85 /* AppDelegate.swift in Sources */,
				85DD2069CAD3A6E88AB0FDF3 /* SnapKit.swift in Sources */,
				85DD28CAFAD79E3B8CDDF85F /* Debugging.swift in Sources */,
				85DD2B505C697215D2D818DC /* Constraint.swift in Sources */,
				85DD27B7800A775281DF098B /* EdgeInsets.swift in Sources */,
				85DD200601949A35C0E74D07 /* View+SnapKit.swift in Sources */,
				85DD261ABE6FB64BD9AE7B7B /* ConstraintItem.swift in Sources */,
				85DD289C1744FE461F6A0282 /* ConstraintMaker.swift in Sources */,
				85DD2F8C3048F494207B135C /* LayoutConstraint.swift in Sources */,
				85DD2A37B659A1FF2D72D849 /* ConstraintRelation.swift in Sources */,
				85DD2D07CF454E8D5D135FFB /* ConstraintAttributes.swift in Sources */,
				85DD2F75F62A6A813B2EDA4A /* ConstraintDescription.swift in Sources */,
				85DD21EE1A10C2BEFEF8E322 /* singleLobby.swift in Sources */,
				85DD2CA61F21CEB9582DD947 /* colorFromHex.swift in Sources */,
				85DD295AB93818BC3D619667 /* games.swift in Sources */,
				85DD2DF1A71ED24FCE06D6FD /* filter.swift in Sources */,
				85DD2C752502EC161124812E /* SwiftyJSON.swift in Sources */,
				85DD2295CF985A41E309F3A4 /* AFDateHelper.swift in Sources */,
				85DD2BE930403D89C5A34A33 /* colorFromSystem.swift in Sources */,
				85DD27A3FF3778F7C14480FF /* users.swift in Sources */,
				85DD2229FE0884A14F6079D9 /* appData.swift in Sources */,
				85DD2ABD3F702CACE1935F41 /* lobbies.swift in Sources */,
				85DD2A63419F9C7E1A851F67 /* singleLobbyData.swift in Sources */,
			);
			runOnlyForDeploymentPostprocessing = 0;
		};
		2CCC7F5A1B0A451400C16A85 /* Sources */ = {
			isa = PBXSourcesBuildPhase;
			buildActionMask = 2147483647;
			files = (
				2CCC7F651B0A451400C16A85 /* pupTests.swift in Sources */,
			);
			runOnlyForDeploymentPostprocessing = 0;
		};
/* End PBXSourcesBuildPhase section */

/* Begin PBXTargetDependency section */
		2CCC7F601B0A451400C16A85 /* PBXTargetDependency */ = {
			isa = PBXTargetDependency;
			target = 2CCC7F481B0A451400C16A85 /* pup */;
			targetProxy = 2CCC7F5F1B0A451400C16A85 /* PBXContainerItemProxy */;
		};
/* End PBXTargetDependency section */

/* Begin XCBuildConfiguration section */
		2CCC7F661B0A451400C16A85 /* Debug */ = {
			isa = XCBuildConfiguration;
			buildSettings = {
				ALWAYS_SEARCH_USER_PATHS = NO;
				CLANG_CXX_LANGUAGE_STANDARD = "gnu++0x";
				CLANG_CXX_LIBRARY = "libc++";
				CLANG_ENABLE_MODULES = YES;
				CLANG_ENABLE_OBJC_ARC = YES;
				CLANG_WARN_BOOL_CONVERSION = YES;
				CLANG_WARN_CONSTANT_CONVERSION = YES;
				CLANG_WARN_DIRECT_OBJC_ISA_USAGE = YES_ERROR;
				CLANG_WARN_EMPTY_BODY = YES;
				CLANG_WARN_ENUM_CONVERSION = YES;
				CLANG_WARN_INT_CONVERSION = YES;
				CLANG_WARN_OBJC_ROOT_CLASS = YES_ERROR;
				CLANG_WARN_UNREACHABLE_CODE = YES;
				CLANG_WARN__DUPLICATE_METHOD_MATCH = YES;
				"CODE_SIGN_IDENTITY[sdk=iphoneos*]" = "iPhone Developer";
				COPY_PHASE_STRIP = NO;
				DEBUG_INFORMATION_FORMAT = "dwarf-with-dsym";
				ENABLE_STRICT_OBJC_MSGSEND = YES;
				GCC_C_LANGUAGE_STANDARD = gnu99;
				GCC_DYNAMIC_NO_PIC = NO;
				GCC_NO_COMMON_BLOCKS = YES;
				GCC_OPTIMIZATION_LEVEL = 0;
				GCC_PREPROCESSOR_DEFINITIONS = (
					"DEBUG=1",
					"$(inherited)",
				);
				GCC_SYMBOLS_PRIVATE_EXTERN = NO;
				GCC_WARN_64_TO_32_BIT_CONVERSION = YES;
				GCC_WARN_ABOUT_RETURN_TYPE = YES_ERROR;
				GCC_WARN_UNDECLARED_SELECTOR = YES;
				GCC_WARN_UNINITIALIZED_AUTOS = YES_AGGRESSIVE;
				GCC_WARN_UNUSED_FUNCTION = YES;
				GCC_WARN_UNUSED_VARIABLE = YES;
				IPHONEOS_DEPLOYMENT_TARGET = 8.3;
				MTL_ENABLE_DEBUG_INFO = YES;
				ONLY_ACTIVE_ARCH = YES;
				SDKROOT = iphoneos;
				SWIFT_OPTIMIZATION_LEVEL = "-Onone";
			};
			name = Debug;
		};
		2CCC7F671B0A451400C16A85 /* Release */ = {
			isa = XCBuildConfiguration;
			buildSettings = {
				ALWAYS_SEARCH_USER_PATHS = NO;
				CLANG_CXX_LANGUAGE_STANDARD = "gnu++0x";
				CLANG_CXX_LIBRARY = "libc++";
				CLANG_ENABLE_MODULES = YES;
				CLANG_ENABLE_OBJC_ARC = YES;
				CLANG_WARN_BOOL_CONVERSION = YES;
				CLANG_WARN_CONSTANT_CONVERSION = YES;
				CLANG_WARN_DIRECT_OBJC_ISA_USAGE = YES_ERROR;
				CLANG_WARN_EMPTY_BODY = YES;
				CLANG_WARN_ENUM_CONVERSION = YES;
				CLANG_WARN_INT_CONVERSION = YES;
				CLANG_WARN_OBJC_ROOT_CLASS = YES_ERROR;
				CLANG_WARN_UNREACHABLE_CODE = YES;
				CLANG_WARN__DUPLICATE_METHOD_MATCH = YES;
				"CODE_SIGN_IDENTITY[sdk=iphoneos*]" = "iPhone Developer";
				COPY_PHASE_STRIP = NO;
				DEBUG_INFORMATION_FORMAT = "dwarf-with-dsym";
				ENABLE_NS_ASSERTIONS = NO;
				ENABLE_STRICT_OBJC_MSGSEND = YES;
				GCC_C_LANGUAGE_STANDARD = gnu99;
				GCC_NO_COMMON_BLOCKS = YES;
				GCC_WARN_64_TO_32_BIT_CONVERSION = YES;
				GCC_WARN_ABOUT_RETURN_TYPE = YES_ERROR;
				GCC_WARN_UNDECLARED_SELECTOR = YES;
				GCC_WARN_UNINITIALIZED_AUTOS = YES_AGGRESSIVE;
				GCC_WARN_UNUSED_FUNCTION = YES;
				GCC_WARN_UNUSED_VARIABLE = YES;
				IPHONEOS_DEPLOYMENT_TARGET = 8.3;
				MTL_ENABLE_DEBUG_INFO = NO;
				SDKROOT = iphoneos;
				VALIDATE_PRODUCT = YES;
			};
			name = Release;
		};
		2CCC7F691B0A451400C16A85 /* Debug */ = {
			isa = XCBuildConfiguration;
			baseConfigurationReference = EA0401F85555E1D9628C94D0 /* Pods-pup.debug.xcconfig */;
			buildSettings = {
				ASSETCATALOG_COMPILER_APPICON_NAME = AppIcon;
				INFOPLIST_FILE = pup/Info.plist;
				LD_RUNPATH_SEARCH_PATHS = "$(inherited) @executable_path/Frameworks";
				PRODUCT_NAME = "$(TARGET_NAME)";
			};
			name = Debug;
		};
		2CCC7F6A1B0A451400C16A85 /* Release */ = {
			isa = XCBuildConfiguration;
			baseConfigurationReference = 8361C645BF26B1B51B7F8F15 /* Pods-pup.release.xcconfig */;
			buildSettings = {
				ASSETCATALOG_COMPILER_APPICON_NAME = AppIcon;
				INFOPLIST_FILE = pup/Info.plist;
				LD_RUNPATH_SEARCH_PATHS = "$(inherited) @executable_path/Frameworks";
				PRODUCT_NAME = "$(TARGET_NAME)";
			};
			name = Release;
		};
		2CCC7F6C1B0A451400C16A85 /* Debug */ = {
			isa = XCBuildConfiguration;
			baseConfigurationReference = D31A00077328C646BCF8A958 /* Pods-pupTests.debug.xcconfig */;
			buildSettings = {
				BUNDLE_LOADER = "$(TEST_HOST)";
				FRAMEWORK_SEARCH_PATHS = (
					"$(SDKROOT)/Developer/Library/Frameworks",
					"$(inherited)",
				);
				GCC_PREPROCESSOR_DEFINITIONS = (
					"DEBUG=1",
					"$(inherited)",
				);
				INFOPLIST_FILE = pupTests/Info.plist;
				LD_RUNPATH_SEARCH_PATHS = "$(inherited) @executable_path/Frameworks @loader_path/Frameworks";
				PRODUCT_NAME = "$(TARGET_NAME)";
				TEST_HOST = "$(BUILT_PRODUCTS_DIR)/pup.app/pup";
			};
			name = Debug;
		};
		2CCC7F6D1B0A451400C16A85 /* Release */ = {
			isa = XCBuildConfiguration;
			baseConfigurationReference = B7CC845B2E20426DEC2444A3 /* Pods-pupTests.release.xcconfig */;
			buildSettings = {
				BUNDLE_LOADER = "$(TEST_HOST)";
				FRAMEWORK_SEARCH_PATHS = (
					"$(SDKROOT)/Developer/Library/Frameworks",
					"$(inherited)",
				);
				INFOPLIST_FILE = pupTests/Info.plist;
				LD_RUNPATH_SEARCH_PATHS = "$(inherited) @executable_path/Frameworks @loader_path/Frameworks";
				PRODUCT_NAME = "$(TARGET_NAME)";
				TEST_HOST = "$(BUILT_PRODUCTS_DIR)/pup.app/pup";
			};
			name = Release;
		};
/* End XCBuildConfiguration section */

/* Begin XCConfigurationList section */
		2CCC7F441B0A451400C16A85 /* Build configuration list for PBXProject "pup" */ = {
			isa = XCConfigurationList;
			buildConfigurations = (
				2CCC7F661B0A451400C16A85 /* Debug */,
				2CCC7F671B0A451400C16A85 /* Release */,
			);
			defaultConfigurationIsVisible = 0;
			defaultConfigurationName = Release;
		};
		2CCC7F681B0A451400C16A85 /* Build configuration list for PBXNativeTarget "pup" */ = {
			isa = XCConfigurationList;
			buildConfigurations = (
				2CCC7F691B0A451400C16A85 /* Debug */,
				2CCC7F6A1B0A451400C16A85 /* Release */,
			);
			defaultConfigurationIsVisible = 0;
			defaultConfigurationName = Release;
		};
		2CCC7F6B1B0A451400C16A85 /* Build configuration list for PBXNativeTarget "pupTests" */ = {
			isa = XCConfigurationList;
			buildConfigurations = (
				2CCC7F6C1B0A451400C16A85 /* Debug */,
				2CCC7F6D1B0A451400C16A85 /* Release */,
			);
			defaultConfigurationIsVisible = 0;
			defaultConfigurationName = Release;
		};
/* End XCConfigurationList section */
	};
	rootObject = 2CCC7F411B0A451400C16A85 /* Project object */;
}
